Microsoft Visual Studio Solution File, Format Version 12.00
# Visual Studio 2012
Project("{FAE04EC0-301F-11D3-BF4B-00C04F79EFBC}") = "Foliage Demo", "Foliage Demo.csproj", "{E7E7A4A8-FCF5-49F1-AF6B-C0FCE1588C14}"
EndProject
Global
	GlobalSection(SolutionConfigurationPlatforms) = preSolution
	Debug|Any CPU = Debug|Any CPU
	ExportDebug|Any CPU = ExportDebug|Any CPU
	ExportRelease|Any CPU = ExportRelease|Any CPU
	EndGlobalSection
	GlobalSection(ProjectConfigurationPlatforms) = postSolution
		{E7E7A4A8-FCF5-49F1-AF6B-C0FCE1588C14}.Debug|Any CPU.ActiveCfg = Debug|Any CPU
		{E7E7A4A8-FCF5-49F1-AF6B-C0FCE1588C14}.Debug|Any CPU.Build.0 = Debug|Any CPU
		{E7E7A4A8-FCF5-49F1-AF6B-C0FCE1588C14}.ExportDebug|Any CPU.ActiveCfg = ExportDebug|Any CPU
		{E7E7A4A8-FCF5-49F1-AF6B-C0FCE1588C14}.ExportDebug|Any CPU.Build.0 = ExportDebug|Any CPU
		{E7E7A4A8-FCF5-49F1-AF6B-C0FCE1588C14}.ExportRelease|Any CPU.ActiveCfg = ExportRelease|Any CPU
		{E7E7A4A8-FCF5-49F1-AF6B-C0FCE1588C14}.ExportRelease|Any CPU.Build.0 = ExportRelease|Any CPU
	EndGlobalSection
EndGlobal
